
Microsoft Visual Studio Solution File, Format Version 12.00
# Visual Studio Version 17
VisualStudioVersion = 17.7.34018.315
MinimumVisualStudioVersion = 10.0.40219.1
Project("{8BC9CEB8-8B4A-11D0-8D11-00A0C91BC942}") = "DSA_Project", "DSA_Project\DSA_Project.vcxproj", "{ABFF751C-0003-4086-BE58-9E8B1ACBD2F0}"
EndProject
Global
	GlobalSection(SolutionConfigurationPlatforms) = preSolution
		Debug|x64 = Debug|x64
		Debug|x86 = Debug|x86
		Release|x64 = Release|x64
		Release|x86 = Release|x86
	EndGlobalSection
	GlobalSection(ProjectConfigurationPlatforms) = postSolution
		{ABFF751C-0003-4086-BE58-9E8B1ACBD2F0}.Debug|x64.ActiveCfg = Debug|x64
		{ABFF751C-0003-4086-BE58-9E8B1ACBD2F0}.Debug|x64.Build.0 = Debug|x64
		{ABFF751C-0003-4086-BE58-9E8B1ACBD2F0}.Debug|x86.ActiveCfg = Debug|Win32
		{ABFF751C-0003-4086-BE58-9E8B1ACBD2F0}.Debug|x86.Build.0 = Debug|Win32
		{ABFF751C-0003-4086-BE58-9E8B1ACBD2F0}.Release|x64.ActiveCfg = Release|x64
		{ABFF751C-0003-4086-BE58-9E8B1ACBD2F0}.Release|x64.Build.0 = Release|x64
		{ABFF751C-0003-4086-BE58-9E8B1ACBD2F0}.Release|x86.ActiveCfg = Release|Win32
		{ABFF751C-0003-4086-BE58-9E8B1ACBD2F0}.Release|x86.Build.0 = Release|Win32
	EndGlobalSection
	GlobalSection(SolutionProperties) = preSolution
		HideSolutionNode = FALSE
	EndGlobalSection
	GlobalSection(ExtensibilityGlobals) = postSolution
		SolutionGuid = {68B229F4-A673-4412-B79F-1FDCE6C22F46}
	EndGlobalSection
EndGlobal
